
Microsoft Visual Studio Solution File, Format Version 12.00
# Visual Studio Version 17
VisualStudioVersion = 17.14.36327.8
MinimumVisualStudioVersion = 10.0.40219.1
Project("{9A19103F-16F7-4668-BE54-9A1E7A4F7556}") = "NumericTextBox", "NumericTextBox\NumericTextBox.csproj", "{EED1F0BA-526F-41DE-BB4A-8D22C8EA2E56}"
EndProject
Project("{9A19103F-16F7-4668-BE54-9A1E7A4F7556}") = "Test", "Test\Test.csproj", "{582B3E19-7990-4AD8-B47F-F9007306511C}"
EndProject
Global
	GlobalSection(SolutionConfigurationPlatforms) = preSolution
		Debug|Any CPU = Debug|Any CPU
		Release|Any CPU = Release|Any CPU
	EndGlobalSection
	GlobalSection(ProjectConfigurationPlatforms) = postSolution
		{EED1F0BA-526F-41DE-BB4A-8D22C8EA2E56}.Debug|Any CPU.ActiveCfg = Debug|Any CPU
		{EED1F0BA-526F-41DE-BB4A-8D22C8EA2E56}.Debug|Any CPU.Build.0 = Debug|Any CPU
		{EED1F0BA-526F-41DE-BB4A-8D22C8EA2E56}.Release|Any CPU.ActiveCfg = Release|Any CPU
		{EED1F0BA-526F-41DE-BB4A-8D22C8EA2E56}.Release|Any CPU.Build.0 = Release|Any CPU
		{582B3E19-7990-4AD8-B47F-F9007306511C}.Debug|Any CPU.ActiveCfg = Debug|Any CPU
		{582B3E19-7990-4AD8-B47F-F9007306511C}.Debug|Any CPU.Build.0 = Debug|Any CPU
		{582B3E19-7990-4AD8-B47F-F9007306511C}.Release|Any CPU.ActiveCfg = Release|Any CPU
		{582B3E19-7990-4AD8-B47F-F9007306511C}.Release|Any CPU.Build.0 = Release|Any CPU
	EndGlobalSection
	GlobalSection(SolutionProperties) = preSolution
		HideSolutionNode = FALSE
	EndGlobalSection
	GlobalSection(ExtensibilityGlobals) = postSolution
		SolutionGuid = {734BBCE3-779D-40BB-A4C6-D602BE02DF1F}
	EndGlobalSection
EndGlobal
